github.com/hybridgroup/mjpeg v0.0.0-20250330094202-16d243df0e35 h1:bTJxSThEisMQhK+VQUaHK72RqcUr6hXzYtRnuJByiQo=
github.com/hybridgroup/mjpeg v0.0.0-20250330094202-16d243df0e35/go.mod h1:GAKUz9knlg+UB2oaCqgLTlWdsuVlf7ieJGt+oZzL4eY=
gocv.io/x/gocv v0.42.0 h1:AAsrFJH2aIsQHukkCovWqj0MCGZleQpVyf5gNVRXjQI=
gocv.io/x/gocv v0.42.0/go.mod h1:zYdWMj29WAEznM3Y8NsU3A0TRq/wR/cy75jeUypThqU=
